
Microsoft Visual Studio Solution File, Format Version 12.00
# Visual Studio Version 17
VisualStudioVersion = 17.4.33213.308
MinimumVisualStudioVersion = 10.0.40219.1
Project("{FAE04EC0-301F-11D3-BF4B-00C04F79EFBC}") = "ChessBot", "ChessBot\ChessBot.csproj", "{C361727C-BEAC-44B7-88C1-04A54F88CA45}"
EndProject
Global
	GlobalSection(SolutionConfigurationPlatforms) = preSolution
		Debug|Any CPU = Debug|Any CPU
		Release|Any CPU = Release|Any CPU
	EndGlobalSection
	GlobalSection(ProjectConfigurationPlatforms) = postSolution
		{C361727C-BEAC-44B7-88C1-04A54F88CA45}.Debug|Any CPU.ActiveCfg = Debug|Any CPU
		{C361727C-BEAC-44B7-88C1-04A54F88CA45}.Debug|Any CPU.Build.0 = Debug|Any CPU
		{C361727C-BEAC-44B7-88C1-04A54F88CA45}.Release|Any CPU.ActiveCfg = Release|Any CPU
		{C361727C-BEAC-44B7-88C1-04A54F88CA45}.Release|Any CPU.Build.0 = Release|Any CPU
	EndGlobalSection
	GlobalSection(SolutionProperties) = preSolution
		HideSolutionNode = FALSE
	EndGlobalSection
	GlobalSection(ExtensibilityGlobals) = postSolution
		SolutionGuid = {A203AD39-87F6-45CB-ACD5-7B73B09059E0}
	EndGlobalSection
EndGlobal
